
Microsoft Visual Studio Solution File, Format Version 12.00
# Visual Studio Version 17
VisualStudioVersion = 17.7.34031.279
MinimumVisualStudioVersion = 10.0.40219.1
Project("{FAE04EC0-301F-11D3-BF4B-00C04F79EFBC}") = "FindMax", "FindMax\FindMax.csproj", "{91D90397-DBE0-4CC8-82FE-F648BAE3E5EE}"
EndProject
Global
	GlobalSection(SolutionConfigurationPlatforms) = preSolution
		Debug|Any CPU = Debug|Any CPU
		Release|Any CPU = Release|Any CPU
	EndGlobalSection
	GlobalSection(ProjectConfigurationPlatforms) = postSolution
		{91D90397-DBE0-4CC8-82FE-F648BAE3E5EE}.Debug|Any CPU.ActiveCfg = Debug|Any CPU
		{91D90397-DBE0-4CC8-82FE-F648BAE3E5EE}.Debug|Any CPU.Build.0 = Debug|Any CPU
		{91D90397-DBE0-4CC8-82FE-F648BAE3E5EE}.Release|Any CPU.ActiveCfg = Release|Any CPU
		{91D90397-DBE0-4CC8-82FE-F648BAE3E5EE}.Release|Any CPU.Build.0 = Release|Any CPU
	EndGlobalSection
	GlobalSection(SolutionProperties) = preSolution
		HideSolutionNode = FALSE
	EndGlobalSection
	GlobalSection(ExtensibilityGlobals) = postSolution
		SolutionGuid = {549A7CC3-5495-4174-A91F-609945083F78}
	EndGlobalSection
EndGlobal
